// !$*UTF8*$!
{
	archiveVersion = 1;
	classes = {
	};
	objectVersion = 56;
	objects = {

/* Begin PBXBuildFile section */
		885C6DF22B959FE100401DD5 /* AppDelegate.swift in Sources */ = {isa = PBXBuildFile; fileRef = 885C6DF12B959FE100401DD5 /* AppDelegate.swift */; };
		885C6DF42B959FE100401DD5 /* SceneDelegate.swift in Sources */ = {isa = PBXBuildFile; fileRef = 885C6DF32B959FE100401DD5 /* SceneDelegate.swift */; };
		885C6DF62B959FE100401DD5 /* ViewController.swift in Sources */ = {isa = PBXBuildFile; fileRef = 885C6DF52B959FE100401DD5 /* ViewController.swift */; };
		885C6DF92B959FE100401DD5 /* Main.storyboard in Resources */ = {isa = PBXBuildFile; fileRef = 885C6DF72B959FE100401DD5 /* Main.storyboard */; };
		885C6DFB2B959FE500401DD5 /* Assets.xcassets in Resources */ = {isa = PBXBuildFile; fileRef = 885C6DFA2B959FE500401DD5 /* Assets.xcassets */; };
		885C6DFE2B959FE500401DD5 /* LaunchScreen.storyboard in Resources */ = {isa = PBXBuildFile; fileRef = 885C6DFC2B959FE500401DD5 /* LaunchScreen.storyboard */; };
		885C6E092B959FE500401DD5 /* OnboardingTests.swift in Sources */ = {isa = PBXBuildFile; fileRef = 885C6E082B959FE500401DD5 /* OnboardingTests.swift */; };
		885C6E132B959FE500401DD5 /* OnboardingUITests.swift in Sources */ = {isa = PBXBuildFile; fileRef = 885C6E122B959FE500401DD5 /* OnboardingUITests.swift */; };
		885C6E152B959FE500401DD5 /* OnboardingUITestsLaunchTests.swift in Sources */ = {isa = PBXBuildFile; fileRef = 885C6E142B959FE500401DD5 /* OnboardingUITestsLaunchTests.swift */; };
		885C6E222B95A5E400401DD5 /* WelcomeViewController.swift in Sources */ = {isa = PBXBuildFile; fileRef = 885C6E212B95A5E400401DD5 /* WelcomeViewController.swift */; };
/* End PBXBuildFile section */

/* Begin PBXContainerItemProxy section */
		885C6E052B959FE500401DD5 /* PBXContainerItemProxy */ = {
			isa = PBXContainerItemProxy;
			containerPortal = 885C6DE62B959FE100401DD5 /* Project object */;
			proxyType = 1;
			remoteGlobalIDString = 885C6DED2B959FE100401DD5;
			remoteInfo = Onboarding;
		};
		885C6E0F2B959FE500401DD5 /* PBXContainerItemProxy */ = {
			isa = PBXContainerItemProxy;
			containerPortal = 885C6DE62B959FE100401DD5 /* Project object */;
			proxyType = 1;
			remoteGlobalIDString = 885C6DED2B959FE100401DD5;
			remoteInfo = Onboarding;
		};
/* End PBXContainerItemProxy section */

/* Begin PBXFileReference section */
		885C6DEE2B959FE100401DD5 /* Onboarding.app */ = {isa = PBXFileReference; explicitFileType = wrapper.application; includeInIndex = 0; path = Onboarding.app; sourceTree = BUILT_PRODUCTS_DIR; };
		885C6DF12B959FE100401DD5 /* AppDelegate.swift */ = {isa = PBXFileReference; lastKnownFileType = sourcecode.swift; path = AppDelegate.swift; sourceTree = "<group>"; };
		885C6DF32B959FE100401DD5 /* SceneDelegate.swift */ = {isa = PBXFileReference; lastKnownFileType = sourcecode.swift; path = SceneDelegate.swift; sourceTree = "<group>"; };
		885C6DF52B959FE100401DD5 /* ViewController.swift */ = {isa = PBXFileReference; lastKnownFileType = sourcecode.swift; path = ViewController.swift; sourceTree = "<group>"; };
		885C6DF82B959FE100401DD5 /* Base */ = {isa = PBXFileReference; lastKnownFileType = file.storyboard; name = Base; path = Base.lproj/Main.storyboard; sourceTree = "<group>"; };
		885C6DFA2B959FE500401DD5 /* Assets.xcassets */ = {isa = PBXFileReference; lastKnownFileType = folder.assetcatalog; path = Assets.xcassets; sourceTree = "<group>"; };
		885C6DFD2B959FE500401DD5 /* Base */ = {isa = PBXFileReference; lastKnownFileType = file.storyboard; name = Base; path = Base.lproj/LaunchScreen.storyboard; sourceTree = "<group>"; };
		885C6DFF2B959FE500401DD5 /* Info.plist */ = {isa = PBXFileReference; lastKnownFileType = text.plist.xml; path = Info.plist; sourceTree = "<group>"; };
		885C6E042B959FE500401DD5 /* OnboardingTests.xctest */ = {isa = PBXFileReference; explicitFileType = wrapper.cfbundle; includeInIndex = 0; path = OnboardingTests.xctest; sourceTree = BUILT_PRODUCTS_DIR; };
		885C6E082B959FE500401DD5 /* OnboardingTests.swift */ = {isa = PBXFileReference; lastKnownFileType = sourcecode.swift; path = OnboardingTests.swift; sourceTree = "<group>"; };
		885C6E0E2B959FE500401DD5 /* OnboardingUITests.xctest */ = {isa = PBXFileReference; explicitFileType = wrapper.cfbundle; includeInIndex = 0; path = OnboardingUITests.xctest; sourceTree = BUILT_PRODUCTS_DIR; };
		885C6E122B959FE500401DD5 /* OnboardingUITests.swift */ = {isa = PBXFileReference; lastKnownFileType = sourcecode.swift; path = OnboardingUITests.swift; sourceTree = "<group>"; };
		885C6E142B959FE500401DD5 /* OnboardingUITestsLaunchTests.swift */ = {isa = PBXFileReference; lastKnownFileType = sourcecode.swift; path = OnboardingUITestsLaunchTests.swift; sourceTree = "<group>"; };
		885C6E212B95A5E400401DD5 /* WelcomeViewController.swift */ = {isa = PBXFileReference; lastKnownFileType = sourcecode.swift; path = WelcomeViewController.swift; sourceTree = "<group>"; };
/* End PBXFileReference section */

/* Begin PBXFrameworksBuildPhase section */
		885C6DEB2B959FE100401DD5 /* Frameworks */ = {
			isa = PBXFrameworksBuildPhase;
			buildActionMask = 2147483647;
			files = (
			);
			runOnlyForDeploymentPostprocessing = 0;
		};
		885C6E012B959FE500401DD5 /* Frameworks */ = {
			isa = PBXFrameworksBuildPhase;
			buildActionMask = 2147483647;
			files = (
			);
			runOnlyForDeploymentPostprocessing = 0;
		};
		885C6E0B2B959FE500401DD5 /* Frameworks */ = {
			isa = PBXFrameworksBuildPhase;
			buildActionMask = 2147483647;
			files = (
			);
			runOnlyForDeploymentPostprocessing = 0;
		};
/* End PBXFrameworksBuildPhase section */

/* Begin PBXGroup section */
		885C6DE52B959FE100401DD5 = {
			isa = PBXGroup;
			children = (
				885C6DF02B959FE100401DD5 /* Onboarding */,
				885C6E072B959FE500401DD5 /* OnboardingTests */,
				885C6E112B959FE500401DD5 /* OnboardingUITests */,
				885C6DEF2B959FE100401DD5 /* Products */,
			);
			sourceTree = "<group>";
		};
		885C6DEF2B959FE100401DD5 /* Products */ = {
			isa = PBXGroup;
			children = (
				885C6DEE2B959FE100401DD5 /* Onboarding.app */,
				885C6E042B959FE500401DD5 /* OnboardingTests.xctest */,
				885C6E0E2B959FE500401DD5 /* OnboardingUITests.xctest */,
			);
			name = Products;
			sourceTree = "<group>";
		};
		885C6DF02B959FE100401DD5 /* Onboarding */ = {
			isa = PBXGroup;
			children = (
				885C6DF12B959FE100401DD5 /* AppDelegate.swift */,
				885C6DF32B959FE100401DD5 /* SceneDelegate.swift */,
				885C6DF52B959FE100401DD5 /* ViewController.swift */,
				885C6E212B95A5E400401DD5 /* WelcomeViewController.swift */,
				885C6DF72B959FE100401DD5 /* Main.storyboard */,
				885C6DFA2B959FE500401DD5 /* Assets.xcassets */,
				885C6DFC2B959FE500401DD5 /* LaunchScreen.storyboard */,
				885C6DFF2B959FE500401DD5 /* Info.plist */,
			);
			path = Onboarding;
			sourceTree = "<group>";
		};
		885C6E072B959FE500401DD5 /* OnboardingTests */ = {
			isa = PBXGroup;
			children = (
				885C6E082B959FE500401DD5 /* OnboardingTests.swift */,
			);
			path = OnboardingTests;
			sourceTree = "<group>";
		};
		885C6E112B959FE500401DD5 /* OnboardingUITests */ = {
			isa = PBXGroup;
			children = (
				885C6E122B959FE500401DD5 /* OnboardingUITests.swift */,
				885C6E142B959FE500401DD5 /* OnboardingUITestsLaunchTests.swift */,
			);
			path = OnboardingUITests;
			sourceTree = "<group>";
		};
/* End PBXGroup section */

/* Begin PBXNativeTarget section */
		885C6DED2B959FE100401DD5 /* Onboarding */ = {
			isa = PBXNativeTarget;
			buildConfigurationList = 885C6E182B959FE600401DD5 /* Build configuration list for PBXNativeTarget "Onboarding" */;
			buildPhases = (
				885C6DEA2B959FE100401DD5 /* Sources */,
				885C6DEB2B959FE100401DD5 /* Frameworks */,
				885C6DEC2B959FE100401DD5 /* Resources */,
			);
			buildRules = (
			);
			dependencies = (
			);
			name = Onboarding;
			productName = Onboarding;
			productReference = 885C6DEE2B959FE100401DD5 /* Onboarding.app */;
			productType = "com.apple.product-type.application";
		};
		885C6E032B959FE500401DD5 /* OnboardingTests */ = {
			isa = PBXNativeTarget;
			buildConfigurationList = 885C6E1B2B959FE600401DD5 /* Build configuration list for PBXNativeTarget "OnboardingTests" */;
			buildPhases = (
				885C6E002B959FE500401DD5 /* Sources */,
				885C6E012B959FE500401DD5 /* Frameworks */,
				885C6E022B959FE500401DD5 /* Resources */,
			);
			buildRules = (
			);
			dependencies = (
				885C6E062B959FE500401DD5 /* PBXTargetDependency */,
			);
			name = OnboardingTests;
			productName = OnboardingTests;
			productReference = 885C6E042B959FE500401DD5 /* OnboardingTests.xctest */;
			productType = "com.apple.product-type.bundle.unit-test";
		};
		885C6E0D2B959FE500401DD5 /* OnboardingUITests */ = {
			isa = PBXNativeTarget;
			buildConfigurationList = 885C6E1E2B959FE600401DD5 /* Build configuration list for PBXNativeTarget "OnboardingUITests" */;
			buildPhases = (
				885C6E0A2B959FE500401DD5 /* Sources */,
				885C6E0B2B959FE500401DD5 /* Frameworks */,
				885C6E0C2B959FE500401DD5 /* Resources */,
			);
			buildRules = (
			);
			dependencies = (
				885C6E102B959FE500401DD5 /* PBXTargetDependency */,
			);
			name = OnboardingUITests;
			productName = OnboardingUITests;
			productReference = 885C6E0E2B959FE500401DD5 /* OnboardingUITests.xctest */;
			productType = "com.apple.product-type.bundle.ui-testing";
		};
/* End PBXNativeTarget section */

/* Begin PBXProject section */
		885C6DE62B959FE100401DD5 /* Project object */ = {
			isa = PBXProject;
			attributes = {
				BuildIndependentTargetsInParallel = 1;
				LastSwiftUpdateCheck = 1500;
				LastUpgradeCheck = 1500;
				TargetAttributes = {
					885C6DED2B959FE100401DD5 = {
						CreatedOnToolsVersion = 15.0.1;
					};
					885C6E032B959FE500401DD5 = {
						CreatedOnToolsVersion = 15.0.1;
						TestTargetID = 885C6DED2B959FE100401DD5;
					};
					885C6E0D2B959FE500401DD5 = {
						CreatedOnToolsVersion = 15.0.1;
						TestTargetID = 885C6DED2B959FE100401DD5;
					};
				};
			};
			buildConfigurationList = 885C6DE92B959FE100401DD5 /* Build configuration list for PBXProject "Onboarding" */;
			compatibilityVersion = "Xcode 14.0";
			developmentRegion = en;
			hasScannedForEncodings = 0;
			knownRegions = (
				en,
				Base,
			);
			mainGroup = 885C6DE52B959FE100401DD5;
			productRefGroup = 885C6DEF2B959FE100401DD5 /* Products */;
			projectDirPath = "";
			projectRoot = "";
			targets = (
				885C6DED2B959FE100401DD5 /* Onboarding */,
				885C6E032B959FE500401DD5 /* OnboardingTests */,
				885C6E0D2B959FE500401DD5 /* OnboardingUITests */,
			);
		};
/* End PBXProject section */

/* Begin PBXResourcesBuildPhase section */
		885C6DEC2B959FE100401DD5 /* Resources */ = {
			isa = PBXResourcesBuildPhase;
			buildActionMask = 2147483647;
			files = (
				885C6DFE2B959FE500401DD5 /* LaunchScreen.storyboard in Resources */,
				885C6DFB2B959FE500401DD5 /* Assets.xcassets in Resources */,
				885C6DF92B959FE100401DD5 /* Main.storyboard in Resources */,
			);
			runOnlyForDeploymentPostprocessing = 0;
		};
		885C6E022B959FE500401DD5 /* Resources */ = {
			isa = PBXResourcesBuildPhase;
			buildActionMask = 2147483647;
			files = (
			);
			runOnlyForDeploymentPostprocessing = 0;
		};
		885C6E0C2B959FE500401DD5 /* Resources */ = {
			isa = PBXResourcesBuildPhase;
			buildActionMask = 2147483647;
			files = (
			);
			runOnlyForDeploymentPostprocessing = 0;
		};
/* End PBXResourcesBuildPhase section */

/* Begin PBXSourcesBuildPhase section */
		885C6DEA2B959FE100401DD5 /* Sources */ = {
			isa = PBXSourcesBuildPhase;
			buildActionMask = 2147483647;
			files = (
				885C6DF62B959FE100401DD5 /* ViewController.swift in Sources */,
				885C6E222B95A5E400401DD5 /* WelcomeViewController.swift in Sources */,
				885C6DF22B959FE100401DD5 /* AppDelegate.swift in Sources */,
				885C6DF42B959FE100401DD5 /* SceneDelegate.swift in Sources */,
			);
			runOnlyForDeploymentPostprocessing = 0;
		};
		885C6E002B959FE500401DD5 /* Sources */ = {
			isa = PBXSourcesBuildPhase;
			buildActionMask = 2147483647;
			files = (
				885C6E092B959FE500401DD5 /* OnboardingTests.swift in Sources */,
			);
			runOnlyForDeploymentPostprocessing = 0;
		};
		885C6E0A2B959FE500401DD5 /* Sources */ = {
			isa = PBXSourcesBuildPhase;
			buildActionMask = 2147483647;
			files = (
				885C6E132B959FE500401DD5 /* OnboardingUITests.swift in Sources */,
				885C6E152B959FE500401DD5 /* OnboardingUITestsLaunchTests.swift in Sources */,
			);
			runOnlyForDeploymentPostprocessing = 0;
		};
/* End PBXSourcesBuildPhase section */

/* Begin PBXTargetDependency section */
		885C6E062B959FE500401DD5 /* PBXTargetDependency */ = {
			isa = PBXTargetDependency;
			target = 885C6DED2B959FE100401DD5 /* Onboarding */;
			targetProxy = 885C6E052B959FE500401DD5 /* PBXContainerItemProxy */;
		};
		885C6E102B959FE500401DD5 /* PBXTargetDependency */ = {
			isa = PBXTargetDependency;
			target = 885C6DED2B959FE100401DD5 /* Onboarding */;
			targetProxy = 885C6E0F2B959FE500401DD5 /* PBXContainerItemProxy */;
		};
/* End PBXTargetDependency section */

/* Begin PBXVariantGroup section */
		885C6DF72B959FE100401DD5 /* Main.storyboard */ = {
			isa = PBXVariantGroup;
			children = (
				885C6DF82B959FE100401DD5 /* Base */,
			);
			name = Main.storyboard;
			sourceTree = "<group>";
		};
		885C6DFC2B959FE500401DD5 /* LaunchScreen.storyboard */ = {
			isa = PBXVariantGroup;
			children = (
				885C6DFD2B959FE500401DD5 /* Base */,
			);
			name = LaunchScreen.storyboard;
			sourceTree = "<group>";
		};
/* End PBXVariantGroup section */

/* Begin XCBuildConfiguration section */
		885C6E162B959FE600401DD5 /* Debug */ = {
			isa = XCBuildConfiguration;
			buildSettings = {
				ALWAYS_SEARCH_USER_PATHS = NO;
				ASSETCATALOG_COMPILER_GENERATE_SWIFT_ASSET_SYMBOL_EXTENSIONS = YES;
				CLANG_ANALYZER_NONNULL = YES;
				CLANG_ANALYZER_NUMBER_OBJECT_CONVERSION = YES_AGGRESSIVE;
				CLANG_CXX_LANGUAGE_STANDARD = "gnu++20";
				CLANG_ENABLE_MODULES = YES;
				CLANG_ENABLE_OBJC_ARC = YES;
				CLANG_ENABLE_OBJC_WEAK = YES;
				CLANG_WARN_BLOCK_CAPTURE_AUTORELEASING = YES;
				CLANG_WARN_BOOL_CONVERSION = YES;
				CLANG_WARN_COMMA = YES;
				CLANG_WARN_CONSTANT_CONVERSION = YES;
				CLANG_WARN_DEPRECATED_OBJC_IMPLEMENTATIONS = YES;
				CLANG_WARN_DIRECT_OBJC_ISA_USAGE = YES_ERROR;
				CLANG_WARN_DOCUMENTATION_COMMENTS = YES;
				CLANG_WARN_EMPTY_BODY = YES;
				CLANG_WARN_ENUM_CONVERSION = YES;
				CLANG_WARN_INFINITE_RECURSION = YES;
				CLANG_WARN_INT_CONVERSION = YES;
				CLANG_WARN_NON_LITERAL_NULL_CONVERSION = YES;
				CLANG_WARN_OBJC_IMPLICIT_RETAIN_SELF = YES;
				CLANG_WARN_OBJC_LITERAL_CONVERSION = YES;
				CLANG_WARN_OBJC_ROOT_CLASS = YES_ERROR;
				CLANG_WARN_QUOTED_INCLUDE_IN_FRAMEWORK_HEADER = YES;
				CLANG_WARN_RANGE_LOOP_ANALYSIS = YES;
				CLANG_WARN_STRICT_PROTOTYPES = YES;
				CLANG_WARN_SUSPICIOUS_MOVE = YES;
				CLANG_WARN_UNGUARDED_AVAILABILITY = YES_AGGRESSIVE;
				CLANG_WARN_UNREACHABLE_CODE = YES;
				CLANG_WARN__DUPLICATE_METHOD_MATCH = YES;
				COPY_PHASE_STRIP = NO;
				DEBUG_INFORMATION_FORMAT = dwarf;
				ENABLE_STRICT_OBJC_MSGSEND = YES;
				ENABLE_TESTABILITY = YES;
				ENABLE_USER_SCRIPT_SANDBOXING = YES;
				GCC_C_LANGUAGE_STANDARD = gnu17;
				GCC_DYNAMIC_NO_PIC = NO;
				GCC_NO_COMMON_BLOCKS = YES;
				GCC_OPTIMIZATION_LEVEL = 0;
				GCC_PREPROCESSOR_DEFINITIONS = (
					"DEBUG=1",
					"$(inherited)",
				);
				GCC_WARN_64_TO_32_BIT_CONVERSION = YES;
				GCC_WARN_ABOUT_RETURN_TYPE = YES_ERROR;
				GCC_WARN_UNDECLARED_SELECTOR = YES;
				GCC_WARN_UNINITIALIZED_AUTOS = YES_AGGRESSIVE;
				GCC_WARN_UNUSED_FUNCTION = YES;
				GCC_WARN_UNUSED_VARIABLE = YES;
				IPHONEOS_DEPLOYMENT_TARGET = 17.0;
				LOCALIZATION_PREFERS_STRING_CATALOGS = YES;
				MTL_ENABLE_DEBUG_INFO = INCLUDE_SOURCE;
				MTL_FAST_MATH = YES;
				ONLY_ACTIVE_ARCH = YES;
				SDKROOT = iphoneos;
				SWIFT_ACTIVE_COMPILATION_CONDITIONS = "DEBUG $(inherited)";
				SWIFT_OPTIMIZATION_LEVEL = "-Onone";
			};
			name = Debug;
		};
		885C6E172B959FE600401DD5 /* Release */ = {
			isa = XCBuildConfiguration;
			buildSettings = {
				ALWAYS_SEARCH_USER_PATHS = NO;
				ASSETCATALOG_COMPILER_GENERATE_SWIFT_ASSET_SYMBOL_EXTENSIONS = YES;
				CLANG_ANALYZER_NONNULL = YES;
				CLANG_ANALYZER_NUMBER_OBJECT_CONVERSION = YES_AGGRESSIVE;
				CLANG_CXX_LANGUAGE_STANDARD = "gnu++20";
				CLANG_ENABLE_MODULES = YES;
				CLANG_ENABLE_OBJC_ARC = YES;
				CLANG_ENABLE_OBJC_WEAK = YES;
				CLANG_WARN_BLOCK_CAPTURE_AUTORELEASING = YES;
				CLANG_WARN_BOOL_CONVERSION = YES;
				CLANG_WARN_COMMA = YES;
				CLANG_WARN_CONSTANT_CONVERSION = YES;
				CLANG_WARN_DEPRECATED_OBJC_IMPLEMENTATIONS = YES;
				CLANG_WARN_DIRECT_OBJC_ISA_USAGE = YES_ERROR;
				CLANG_WARN_DOCUMENTATION_COMMENTS = YES;
				CLANG_WARN_EMPTY_BODY = YES;
				CLANG_WARN_ENUM_CONVERSION = YES;
				CLANG_WARN_INFINITE_RECURSION = YES;
				CLANG_WARN_INT_CONVERSION = YES;
				CLANG_WARN_NON_LITERAL_NULL_CONVERSION = YES;
				CLANG_WARN_OBJC_IMPLICIT_RETAIN_SELF = YES;
				CLANG_WARN_OBJC_LITERAL_CONVERSION = YES;
				CLANG_WARN_OBJC_ROOT_CLASS = YES_ERROR;
				CLANG_WARN_QUOTED_INCLUDE_IN_FRAMEWORK_HEADER = YES;
				CLANG_WARN_RANGE_LOOP_ANALYSIS = YES;
				CLANG_WARN_STRICT_PROTOTYPES = YES;
				CLANG_WARN_SUSPICIOUS_MOVE = YES;
				CLANG_WARN_UNGUARDED_AVAILABILITY = YES_AGGRESSIVE;
				CLANG_WARN_UNREACHABLE_CODE = YES;
				CLANG_WARN__DUPLICATE_METHOD_MATCH = YES;
				COPY_PHASE_STRIP = NO;
				DEBUG_INFORMATION_FORMAT = "dwarf-with-dsym";
				ENABLE_NS_ASSERTIONS = NO;
				ENABLE_STRICT_OBJC_MSGSEND = YES;
				ENABLE_USER_SCRIPT_SANDBOXING = YES;
				GCC_C_LANGUAGE_STANDARD = gnu17;
				GCC_NO_COMMON_BLOCKS = YES;
				GCC_WARN_64_TO_32_BIT_CONVERSION = YES;
				GCC_WARN_ABOUT_RETURN_TYPE = YES_ERROR;
				GCC_WARN_UNDECLARED_SELECTOR = YES;
				GCC_WARN_UNINITIALIZED_AUTOS = YES_AGGRESSIVE;
				GCC_WARN_UNUSED_FUNCTION = YES;
				GCC_WARN_UNUSED_VARIABLE = YES;
				IPHONEOS_DEPLOYMENT_TARGET = 17.0;
				LOCALIZATION_PREFERS_STRING_CATALOGS = YES;
				MTL_ENABLE_DEBUG_INFO = NO;
				MTL_FAST_MATH = YES;
				SDKROOT = iphoneos;
				SWIFT_COMPILATION_MODE = wholemodule;
				VALIDATE_PRODUCT = YES;
			};
			name = Release;
		};
		885C6E192B959FE600401DD5 /* Debug */ = {
			isa = XCBuildConfiguration;
			buildSettings = {
				ASSETCATALOG_COMPILER_APPICON_NAME = AppIcon;
				ASSETCATALOG_COMPILER_GLOBAL_ACCENT_COLOR_NAME = AccentColor;
				CODE_SIGN_STYLE = Automatic;
				CURRENT_PROJECT_VERSION = 1;
				GENERATE_INFOPLIST_FILE = YES;
				INFOPLIST_FILE = Onboarding/Info.plist;
				INFOPLIST_KEY_UIApplicationSupportsIndirectInputEvents = YES;
				INFOPLIST_KEY_UILaunchStoryboardName = LaunchScreen;
				INFOPLIST_KEY_UIMainStoryboardFile = Main;
				INFOPLIST_KEY_UISupportedInterfaceOrientations_iPad = "UIInterfaceOrientationPortrait UIInterfaceOrientationPortraitUpsideDown UIInterfaceOrientationLandscapeLeft UIInterfaceOrientationLandscapeRight";
				INFOPLIST_KEY_UISupportedInterfaceOrientations_iPhone = "UIInterfaceOrientationPortrait UIInterfaceOrientationLandscapeLeft UIInterfaceOrientationLandscapeRight";
				LD_RUNPATH_SEARCH_PATHS = (
					"$(inherited)",
					"@executable_path/Frameworks",
				);
				MARKETING_VERSION = 1.0;
				PRODUCT_BUNDLE_IDENTIFIER = technodom.Onboarding;
				PRODUCT_NAME = "$(TARGET_NAME)";
				SWIFT_EMIT_LOC_STRINGS = YES;
				SWIFT_VERSION = 5.0;
				TARGETED_DEVICE_FAMILY = "1,2";
			};
			name = Debug;
		};
		885C6E1A2B959FE600401DD5 /* Release */ = {
			isa = XCBuildConfiguration;
			buildSettings = {
				ASSETCATALOG_COMPILER_APPICON_NAME = AppIcon;
				ASSETCATALOG_COMPILER_GLOBAL_ACCENT_COLOR_NAME = AccentColor;
				CODE_SIGN_STYLE = Automatic;
				CURRENT_PROJECT_VERSION = 1;
				GENERATE_INFOPLIST_FILE = YES;
				INFOPLIST_FILE = Onboarding/Info.plist;
				INFOPLIST_KEY_UIApplicationSupportsIndirectInputEvents = YES;
				INFOPLIST_KEY_UILaunchStoryboardName = LaunchScreen;
				INFOPLIST_KEY_UIMainStoryboardFile = Main;
				INFOPLIST_KEY_UISupportedInterfaceOrientations_iPad = "UIInterfaceOrientationPortrait UIInterfaceOrientationPortraitUpsideDown UIInterfaceOrientationLandscapeLeft UIInterfaceOrientationLandscapeRight";
				INFOPLIST_KEY_UISupportedInterfaceOrientations_iPhone = "UIInterfaceOrientationPortrait UIInterfaceOrientationLandscapeLeft UIInterfaceOrientationLandscapeRight";
				LD_RUNPATH_SEARCH_PATHS = (
					"$(inherited)",
					"@executable_path/Frameworks",
				);
				MARKETING_VERSION = 1.0;
				PRODUCT_BUNDLE_IDENTIFIER = technodom.Onboarding;
				PRODUCT_NAME = "$(TARGET_NAME)";
				SWIFT_EMIT_LOC_STRINGS = YES;
				SWIFT_VERSION = 5.0;
				TARGETED_DEVICE_FAMILY = "1,2";
			};
			name = Release;
		};
		885C6E1C2B959FE600401DD5 /* Debug */ = {
			isa = XCBuildConfiguration;
			buildSettings = {
				ALWAYS_EMBED_SWIFT_STANDARD_LIBRARIES = YES;
				BUNDLE_LOADER = "$(TEST_HOST)";
				CODE_SIGN_STYLE = Automatic;
				CURRENT_PROJECT_VERSION = 1;
				GENERATE_INFOPLIST_FILE = YES;
				IPHONEOS_DEPLOYMENT_TARGET = 17.0;
				MARKETING_VERSION = 1.0;
				PRODUCT_BUNDLE_IDENTIFIER = technodom.OnboardingTests;
				PRODUCT_NAME = "$(TARGET_NAME)";
				SWIFT_EMIT_LOC_STRINGS = NO;
				SWIFT_VERSION = 5.0;
				TARGETED_DEVICE_FAMILY = "1,2";
				TEST_HOST = "$(BUILT_PRODUCTS_DIR)/Onboarding.app/$(BUNDLE_EXECUTABLE_FOLDER_PATH)/Onboarding";
			};
			name = Debug;
		};
		885C6E1D2B959FE600401DD5 /* Release */ = {
			isa = XCBuildConfiguration;
			buildSettings = {
				ALWAYS_EMBED_SWIFT_STANDARD_LIBRARIES = YES;
				BUNDLE_LOADER = "$(TEST_HOST)";
				CODE_SIGN_STYLE = Automatic;
				CURRENT_PROJECT_VERSION = 1;
				GENERATE_INFOPLIST_FILE = YES;
				IPHONEOS_DEPLOYMENT_TARGET = 17.0;
				MARKETING_VERSION = 1.0;
				PRODUCT_BUNDLE_IDENTIFIER = technodom.OnboardingTests;
				PRODUCT_NAME = "$(TARGET_NAME)";
				SWIFT_EMIT_LOC_STRINGS = NO;
				SWIFT_VERSION = 5.0;
				TARGETED_DEVICE_FAMILY = "1,2";
				TEST_HOST = "$(BUILT_PRODUCTS_DIR)/Onboarding.app/$(BUNDLE_EXECUTABLE_FOLDER_PATH)/Onboarding";
			};
			name = Release;
		};
		885C6E1F2B959FE600401DD5 /* Debug */ = {
			isa = XCBuildConfiguration;
			buildSettings = {
				ALWAYS_EMBED_SWIFT_STANDARD_LIBRARIES = YES;
				CODE_SIGN_STYLE = Automatic;
				CURRENT_PROJECT_VERSION = 1;
				GENERATE_INFOPLIST_FILE = YES;
				MARKETING_VERSION = 1.0;
				PRODUCT_BUNDLE_IDENTIFIER = technodom.OnboardingUITests;
				PRODUCT_NAME = "$(TARGET_NAME)";
				SWIFT_EMIT_LOC_STRINGS = NO;
				SWIFT_VERSION = 5.0;
				TARGETED_DEVICE_FAMILY = "1,2";
				TEST_TARGET_NAME = Onboarding;
			};
			name = Debug;
		};
		885C6E202B959FE600401DD5 /* Release */ = {
			isa = XCBuildConfiguration;
			buildSettings = {
				ALWAYS_EMBED_SWIFT_STANDARD_LIBRARIES = YES;
				CODE_SIGN_STYLE = Automatic;
				CURRENT_PROJECT_VERSION = 1;
				GENERATE_INFOPLIST_FILE = YES;
				MARKETING_VERSION = 1.0;
				PRODUCT_BUNDLE_IDENTIFIER = technodom.OnboardingUITests;
				PRODUCT_NAME = "$(TARGET_NAME)";
				SWIFT_EMIT_LOC_STRINGS = NO;
				SWIFT_VERSION = 5.0;
				TARGETED_DEVICE_FAMILY = "1,2";
				TEST_TARGET_NAME = Onboarding;
			};
			name = Release;
		};
/* End XCBuildConfiguration section */

/* Begin XCConfigurationList section */
		885C6DE92B959FE100401DD5 /* Build configuration list for PBXProject "Onboarding" */ = {
			isa = XCConfigurationList;
			buildConfigurations = (
				885C6E162B959FE600401DD5 /* Debug */,
				885C6E172B959FE600401DD5 /* Release */,
			);
			defaultConfigurationIsVisible = 0;
			defaultConfigurationName = Release;
		};
		885C6E182B959FE600401DD5 /* Build configuration list for PBXNativeTarget "Onboarding" */ = {
			isa = XCConfigurationList;
			buildConfigurations = (
				885C6E192B959FE600401DD5 /* Debug */,
				885C6E1A2B959FE600401DD5 /* Release */,
			);
			defaultConfigurationIsVisible = 0;
			defaultConfigurationName = Release;
		};
		885C6E1B2B959FE600401DD5 /* Build configuration list for PBXNativeTarget "OnboardingTests" */ = {
			isa = XCConfigurationList;
			buildConfigurations = (
				885C6E1C2B959FE600401DD5 /* Debug */,
				885C6E1D2B959FE600401DD5 /* Release */,
			);
			defaultConfigurationIsVisible = 0;
			defaultConfigurationName = Release;
		};
		885C6E1E2B959FE600401DD5 /* Build configuration list for PBXNativeTarget "OnboardingUITests" */ = {
			isa = XCConfigurationList;
			buildConfigurations = (
				885C6E1F2B959FE600401DD5 /* Debug */,
				885C6E202B959FE600401DD5 /* Release */,
			);
			defaultConfigurationIsVisible = 0;
			defaultConfigurationName = Release;
		};
/* End XCConfigurationList section */
	};
	rootObject = 885C6DE62B959FE100401DD5 /* Project object */;
}
